
Microsoft Visual Studio Solution File, Format Version 12.00
# Visual Studio Version 16
VisualStudioVersion = 16.0.30413.136
MinimumVisualStudioVersion = 10.0.40219.1
Project("{FAE04EC0-301F-11D3-BF4B-00C04F79EFBC}") = "EjercicioPulsacionesG2", "EjercicioPulsacionesG2\EjercicioPulsacionesG2.csproj", "{E79C2213-C459-40DC-95B4-42E06516E0C5}"
EndProject
Project("{FAE04EC0-301F-11D3-BF4B-00C04F79EFBC}") = "BLL", "BLL\BLL.csproj", "{D63CEEA4-28B9-4629-A670-4EDD8BDAC019}"
EndProject
Project("{FAE04EC0-301F-11D3-BF4B-00C04F79EFBC}") = "DAL", "DAL\DAL.csproj", "{41FF667F-221C-439D-9785-A435BE79E9D6}"
EndProject
Project("{FAE04EC0-301F-11D3-BF4B-00C04F79EFBC}") = "Entity", "Entity\Entity.csproj", "{1046F8E4-C562-4FE0-9C3B-01926686954B}"
EndProject
Project("{FAE04EC0-301F-11D3-BF4B-00C04F79EFBC}") = "Presentacion", "Presentacion\Presentacion.csproj", "{F180A7AD-3493-455E-BA18-779E03F0D6CF}"
EndProject
Global
	GlobalSection(SolutionConfigurationPlatforms) = preSolution
		Debug|Any CPU = Debug|Any CPU
		Release|Any CPU = Release|Any CPU
	EndGlobalSection
	GlobalSection(ProjectConfigurationPlatforms) = postSolution
		{E79C2213-C459-40DC-95B4-42E06516E0C5}.Debug|Any CPU.ActiveCfg = Debug|Any CPU
		{E79C2213-C459-40DC-95B4-42E06516E0C5}.Debug|Any CPU.Build.0 = Debug|Any CPU
		{E79C2213-C459-40DC-95B4-42E06516E0C5}.Release|Any CPU.ActiveCfg = Release|Any CPU
		{E79C2213-C459-40DC-95B4-42E06516E0C5}.Release|Any CPU.Build.0 = Release|Any CPU
		{D63CEEA4-28B9-4629-A670-4EDD8BDAC019}.Debug|Any CPU.ActiveCfg = Debug|Any CPU
		{D63CEEA4-28B9-4629-A670-4EDD8BDAC019}.Debug|Any CPU.Build.0 = Debug|Any CPU
		{D63CEEA4-28B9-4629-A670-4EDD8BDAC019}.Release|Any CPU.ActiveCfg = Release|Any CPU
		{D63CEEA4-28B9-4629-A670-4EDD8BDAC019}.Release|Any CPU.Build.0 = Release|Any CPU
		{41FF667F-221C-439D-9785-A435BE79E9D6}.Debug|Any CPU.ActiveCfg = Debug|Any CPU
		{41FF667F-221C-439D-9785-A435BE79E9D6}.Debug|Any CPU.Build.0 = Debug|Any CPU
		{41FF667F-221C-439D-9785-A435BE79E9D6}.Release|Any CPU.ActiveCfg = Release|Any CPU
		{41FF667F-221C-439D-9785-A435BE79E9D6}.Release|Any CPU.Build.0 = Release|Any CPU
		{1046F8E4-C562-4FE0-9C3B-01926686954B}.Debug|Any CPU.ActiveCfg = Debug|Any CPU
		{1046F8E4-C562-4FE0-9C3B-01926686954B}.Debug|Any CPU.Build.0 = Debug|Any CPU
		{1046F8E4-C562-4FE0-9C3B-01926686954B}.Release|Any CPU.ActiveCfg = Release|Any CPU
		{1046F8E4-C562-4FE0-9C3B-01926686954B}.Release|Any CPU.Build.0 = Release|Any CPU
		{F180A7AD-3493-455E-BA18-779E03F0D6CF}.Debug|Any CPU.ActiveCfg = Debug|Any CPU
		{F180A7AD-3493-455E-BA18-779E03F0D6CF}.Debug|Any CPU.Build.0 = Debug|Any CPU
		{F180A7AD-3493-455E-BA18-779E03F0D6CF}.Release|Any CPU.ActiveCfg = Release|Any CPU
		{F180A7AD-3493-455E-BA18-779E03F0D6CF}.Release|Any CPU.Build.0 = Release|Any CPU
	EndGlobalSection
	GlobalSection(SolutionProperties) = preSolution
		HideSolutionNode = FALSE
	EndGlobalSection
	GlobalSection(ExtensibilityGlobals) = postSolution
		SolutionGuid = {2A017737-A8A2-46C8-82DF-B3871D3FBE73}
	EndGlobalSection
EndGlobal
